// !$*UTF8*$!
{
	archiveVersion = 1;
	classes = {
	};
	objectVersion = 50;
	objects = {

/* Begin PBXBuildFile section */
		82964D2B2489F5DC002D51D3 /* AppDelegate.swift in Sources */ = {isa = PBXBuildFile; fileRef = 82964D2A2489F5DC002D51D3 /* AppDelegate.swift */; };
		82964D2D2489F5DC002D51D3 /* SceneDelegate.swift in Sources */ = {isa = PBXBuildFile; fileRef = 82964D2C2489F5DC002D51D3 /* SceneDelegate.swift */; };
		82964D2F2489F5DC002D51D3 /* ViewController.swift in Sources */ = {isa = PBXBuildFile; fileRef = 82964D2E2489F5DC002D51D3 /* ViewController.swift */; };
		82964D322489F5DC002D51D3 /* Main.storyboard in Resources */ = {isa = PBXBuildFile; fileRef = 82964D302489F5DC002D51D3 /* Main.storyboard */; };
		82964D342489F5DE002D51D3 /* Assets.xcassets in Resources */ = {isa = PBXBuildFile; fileRef = 82964D332489F5DE002D51D3 /* Assets.xcassets */; };
		82964D372489F5DE002D51D3 /* LaunchScreen.storyboard in Resources */ = {isa = PBXBuildFile; fileRef = 82964D352489F5DE002D51D3 /* LaunchScreen.storyboard */; };
		82964D422489F5DF002D51D3 /* chatsTests.swift in Sources */ = {isa = PBXBuildFile; fileRef = 82964D412489F5DF002D51D3 /* chatsTests.swift */; };
		82964D4D2489F5DF002D51D3 /* chatsUITests.swift in Sources */ = {isa = PBXBuildFile; fileRef = 82964D4C2489F5DF002D51D3 /* chatsUITests.swift */; };
/* End PBXBuildFile section */

/* Begin PBXContainerItemProxy section */
		82964D3E2489F5DF002D51D3 /* PBXContainerItemProxy */ = {
			isa = PBXContainerItemProxy;
			containerPortal = 82964D1F2489F5DC002D51D3 /* Project object */;
			proxyType = 1;
			remoteGlobalIDString = 82964D262489F5DC002D51D3;
			remoteInfo = chats;
		};
		82964D492489F5DF002D51D3 /* PBXContainerItemProxy */ = {
			isa = PBXContainerItemProxy;
			containerPortal = 82964D1F2489F5DC002D51D3 /* Project object */;
			proxyType = 1;
			remoteGlobalIDString = 82964D262489F5DC002D51D3;
			remoteInfo = chats;
		};
/* End PBXContainerItemProxy section */

/* Begin PBXFileReference section */
		82964D272489F5DC002D51D3 /* chats.app */ = {isa = PBXFileReference; explicitFileType = wrapper.application; includeInIndex = 0; path = chats.app; sourceTree = BUILT_PRODUCTS_DIR; };
		82964D2A2489F5DC002D51D3 /* AppDelegate.swift */ = {isa = PBXFileReference; lastKnownFileType = sourcecode.swift; path = AppDelegate.swift; sourceTree = "<group>"; };
		82964D2C2489F5DC002D51D3 /* SceneDelegate.swift */ = {isa = PBXFileReference; lastKnownFileType = sourcecode.swift; path = SceneDelegate.swift; sourceTree = "<group>"; };
		82964D2E2489F5DC002D51D3 /* ViewController.swift */ = {isa = PBXFileReference; lastKnownFileType = sourcecode.swift; path = ViewController.swift; sourceTree = "<group>"; };
		82964D312489F5DC002D51D3 /* Base */ = {isa = PBXFileReference; lastKnownFileType = file.storyboard; name = Base; path = Base.lproj/Main.storyboard; sourceTree = "<group>"; };
		82964D332489F5DE002D51D3 /* Assets.xcassets */ = {isa = PBXFileReference; lastKnownFileType = folder.assetcatalog; path = Assets.xcassets; sourceTree = "<group>"; };
		82964D362489F5DE002D51D3 /* Base */ = {isa = PBXFileReference; lastKnownFileType = file.storyboard; name = Base; path = Base.lproj/LaunchScreen.storyboard; sourceTree = "<group>"; };
		82964D382489F5DE002D51D3 /* Info.plist */ = {isa = PBXFileReference; lastKnownFileType = text.plist.xml; path = Info.plist; sourceTree = "<group>"; };
		82964D3D2489F5DF002D51D3 /* chatsTests.xctest */ = {isa = PBXFileReference; explicitFileType = wrapper.cfbundle; includeInIndex = 0; path = chatsTests.xctest; sourceTree = BUILT_PRODUCTS_DIR; };
		82964D412489F5DF002D51D3 /* chatsTests.swift */ = {isa = PBXFileReference; lastKnownFileType = sourcecode.swift; path = chatsTests.swift; sourceTree = "<group>"; };
		82964D432489F5DF002D51D3 /* Info.plist */ = {isa = PBXFileReference; lastKnownFileType = text.plist.xml; path = Info.plist; sourceTree = "<group>"; };
		82964D482489F5DF002D51D3 /* chatsUITests.xctest */ = {isa = PBXFileReference; explicitFileType = wrapper.cfbundle; includeInIndex = 0; path = chatsUITests.xctest; sourceTree = BUILT_PRODUCTS_DIR; };
		82964D4C2489F5DF002D51D3 /* chatsUITests.swift */ = {isa = PBXFileReference; lastKnownFileType = sourcecode.swift; path = chatsUITests.swift; sourceTree = "<group>"; };
		82964D4E2489F5DF002D51D3 /* Info.plist */ = {isa = PBXFileReference; lastKnownFileType = text.plist.xml; path = Info.plist; sourceTree = "<group>"; };
/* End PBXFileReference section */

/* Begin PBXFrameworksBuildPhase section */
		82964D242489F5DC002D51D3 /* Frameworks */ = {
			isa = PBXFrameworksBuildPhase;
			buildActionMask = 2147483647;
			files = (
			);
			runOnlyForDeploymentPostprocessing = 0;
		};
		82964D3A2489F5DF002D51D3 /* Frameworks */ = {
			isa = PBXFrameworksBuildPhase;
			buildActionMask = 2147483647;
			files = (
			);
			runOnlyForDeploymentPostprocessing = 0;
		};
		82964D452489F5DF002D51D3 /* Frameworks */ = {
			isa = PBXFrameworksBuildPhase;
			buildActionMask = 2147483647;
			files = (
			);
			runOnlyForDeploymentPostprocessing = 0;
		};
/* End PBXFrameworksBuildPhase section */

/* Begin PBXGroup section */
		82964D1E2489F5DC002D51D3 = {
			isa = PBXGroup;
			children = (
				82964D292489F5DC002D51D3 /* chats */,
				82964D402489F5DF002D51D3 /* chatsTests */,
				82964D4B2489F5DF002D51D3 /* chatsUITests */,
				82964D282489F5DC002D51D3 /* Products */,
			);
			sourceTree = "<group>";
		};
		82964D282489F5DC002D51D3 /* Products */ = {
			isa = PBXGroup;
			children = (
				82964D272489F5DC002D51D3 /* chats.app */,
				82964D3D2489F5DF002D51D3 /* chatsTests.xctest */,
				82964D482489F5DF002D51D3 /* chatsUITests.xctest */,
			);
			name = Products;
			sourceTree = "<group>";
		};
		82964D292489F5DC002D51D3 /* chats */ = {
			isa = PBXGroup;
			children = (
				82964D2A2489F5DC002D51D3 /* AppDelegate.swift */,
				82964D2C2489F5DC002D51D3 /* SceneDelegate.swift */,
				82964D2E2489F5DC002D51D3 /* ViewController.swift */,
				82964D302489F5DC002D51D3 /* Main.storyboard */,
				82964D332489F5DE002D51D3 /* Assets.xcassets */,
				82964D352489F5DE002D51D3 /* LaunchScreen.storyboard */,
				82964D382489F5DE002D51D3 /* Info.plist */,
			);
			path = chats;
			sourceTree = "<group>";
		};
		82964D402489F5DF002D51D3 /* chatsTests */ = {
			isa = PBXGroup;
			children = (
				82964D412489F5DF002D51D3 /* chatsTests.swift */,
				82964D432489F5DF002D51D3 /* Info.plist */,
			);
			path = chatsTests;
			sourceTree = "<group>";
		};
		82964D4B2489F5DF002D51D3 /* chatsUITests */ = {
			isa = PBXGroup;
			children = (
				82964D4C2489F5DF002D51D3 /* chatsUITests.swift */,
				82964D4E2489F5DF002D51D3 /* Info.plist */,
			);
			path = chatsUITests;
			sourceTree = "<group>";
		};
/* End PBXGroup section */

/* Begin PBXNativeTarget section */
		82964D262489F5DC002D51D3 /* chats */ = {
			isa = PBXNativeTarget;
			buildConfigurationList = 82964D512489F5DF002D51D3 /* Build configuration list for PBXNativeTarget "chats" */;
			buildPhases = (
				82964D232489F5DC002D51D3 /* Sources */,
				82964D242489F5DC002D51D3 /* Frameworks */,
				82964D252489F5DC002D51D3 /* Resources */,
			);
			buildRules = (
			);
			dependencies = (
			);
			name = chats;
			productName = chats;
			productReference = 82964D272489F5DC002D51D3 /* chats.app */;
			productType = "com.apple.product-type.application";
		};
		82964D3C2489F5DF002D51D3 /* chatsTests */ = {
			isa = PBXNativeTarget;
			buildConfigurationList = 82964D542489F5DF002D51D3 /* Build configuration list for PBXNativeTarget "chatsTests" */;
			buildPhases = (
				82964D392489F5DF002D51D3 /* Sources */,
				82964D3A2489F5DF002D51D3 /* Frameworks */,
				82964D3B2489F5DF002D51D3 /* Resources */,
			);
			buildRules = (
			);
			dependencies = (
				82964D3F2489F5DF002D51D3 /* PBXTargetDependency */,
			);
			name = chatsTests;
			productName = chatsTests;
			productReference = 82964D3D2489F5DF002D51D3 /* chatsTests.xctest */;
			productType = "com.apple.product-type.bundle.unit-test";
		};
		82964D472489F5DF002D51D3 /* chatsUITests */ = {
			isa = PBXNativeTarget;
			buildConfigurationList = 82964D572489F5DF002D51D3 /* Build configuration list for PBXNativeTarget "chatsUITests" */;
			buildPhases = (
				82964D442489F5DF002D51D3 /* Sources */,
				82964D452489F5DF002D51D3 /* Frameworks */,
				82964D462489F5DF002D51D3 /* Resources */,
			);
			buildRules = (
			);
			dependencies = (
				82964D4A2489F5DF002D51D3 /* PBXTargetDependency */,
			);
			name = chatsUITests;
			productName = chatsUITests;
			productReference = 82964D482489F5DF002D51D3 /* chatsUITests.xctest */;
			productType = "com.apple.product-type.bundle.ui-testing";
		};
/* End PBXNativeTarget section */

/* Begin PBXProject section */
		82964D1F2489F5DC002D51D3 /* Project object */ = {
			isa = PBXProject;
			attributes = {
				LastSwiftUpdateCheck = 1150;
				LastUpgradeCheck = 1150;
				ORGANIZATIONNAME = "Andy Fang";
				TargetAttributes = {
					82964D262489F5DC002D51D3 = {
						CreatedOnToolsVersion = 11.5;
					};
					82964D3C2489F5DF002D51D3 = {
						CreatedOnToolsVersion = 11.5;
						TestTargetID = 82964D262489F5DC002D51D3;
					};
					82964D472489F5DF002D51D3 = {
						CreatedOnToolsVersion = 11.5;
						TestTargetID = 82964D262489F5DC002D51D3;
					};
				};
			};
			buildConfigurationList = 82964D222489F5DC002D51D3 /* Build configuration list for PBXProject "chats" */;
			compatibilityVersion = "Xcode 9.3";
			developmentRegion = en;
			hasScannedForEncodings = 0;
			knownRegions = (
				en,
				Base,
			);
			mainGroup = 82964D1E2489F5DC002D51D3;
			productRefGroup = 82964D282489F5DC002D51D3 /* Products */;
			projectDirPath = "";
			projectRoot = "";
			targets = (
				82964D262489F5DC002D51D3 /* chats */,
				82964D3C2489F5DF002D51D3 /* chatsTests */,
				82964D472489F5DF002D51D3 /* chatsUITests */,
			);
		};
/* End PBXProject section */

/* Begin PBXResourcesBuildPhase section */
		82964D252489F5DC002D51D3 /* Resources */ = {
			isa = PBXResourcesBuildPhase;
			buildActionMask = 2147483647;
			files = (
				82964D372489F5DE002D51D3 /* LaunchScreen.storyboard in Resources */,
				82964D342489F5DE002D51D3 /* Assets.xcassets in Resources */,
				82964D322489F5DC002D51D3 /* Main.storyboard in Resources */,
			);
			runOnlyForDeploymentPostprocessing = 0;
		};
		82964D3B2489F5DF002D51D3 /* Resources */ = {
			isa = PBXResourcesBuildPhase;
			buildActionMask = 2147483647;
			files = (
			);
			runOnlyForDeploymentPostprocessing = 0;
		};
		82964D462489F5DF002D51D3 /* Resources */ = {
			isa = PBXResourcesBuildPhase;
			buildActionMask = 2147483647;
			files = (
			);
			runOnlyForDeploymentPostprocessing = 0;
		};
/* End PBXResourcesBuildPhase section */

/* Begin PBXSourcesBuildPhase section */
		82964D232489F5DC002D51D3 /* Sources */ = {
			isa = PBXSourcesBuildPhase;
			buildActionMask = 2147483647;
			files = (
				82964D2F2489F5DC002D51D3 /* ViewController.swift in Sources */,
				82964D2B2489F5DC002D51D3 /* AppDelegate.swift in Sources */,
				82964D2D2489F5DC002D51D3 /* SceneDelegate.swift in Sources */,
			);
			runOnlyForDeploymentPostprocessing = 0;
		};
		82964D392489F5DF002D51D3 /* Sources */ = {
			isa = PBXSourcesBuildPhase;
			buildActionMask = 2147483647;
			files = (
				82964D422489F5DF002D51D3 /* chatsTests.swift in Sources */,
			);
			runOnlyForDeploymentPostprocessing = 0;
		};
		82964D442489F5DF002D51D3 /* Sources */ = {
			isa = PBXSourcesBuildPhase;
			buildActionMask = 2147483647;
			files = (
				82964D4D2489F5DF002D51D3 /* chatsUITests.swift in Sources */,
			);
			runOnlyForDeploymentPostprocessing = 0;
		};
/* End PBXSourcesBuildPhase section */

/* Begin PBXTargetDependency section */
		82964D3F2489F5DF002D51D3 /* PBXTargetDependency */ = {
			isa = PBXTargetDependency;
			target = 82964D262489F5DC002D51D3 /* chats */;
			targetProxy = 82964D3E2489F5DF002D51D3 /* PBXContainerItemProxy */;
		};
		82964D4A2489F5DF002D51D3 /* PBXTargetDependency */ = {
			isa = PBXTargetDependency;
			target = 82964D262489F5DC002D51D3 /* chats */;
			targetProxy = 82964D492489F5DF002D51D3 /* PBXContainerItemProxy */;
		};
/* End PBXTargetDependency section */

/* Begin PBXVariantGroup section */
		82964D302489F5DC002D51D3 /* Main.storyboard */ = {
			isa = PBXVariantGroup;
			children = (
				82964D312489F5DC002D51D3 /* Base */,
			);
			name = Main.storyboard;
			sourceTree = "<group>";
		};
		82964D352489F5DE002D51D3 /* LaunchScreen.storyboard */ = {
			isa = PBXVariantGroup;
			children = (
				82964D362489F5DE002D51D3 /* Base */,
			);
			name = LaunchScreen.storyboard;
			sourceTree = "<group>";
		};
/* End PBXVariantGroup section */

/* Begin XCBuildConfiguration section */
		82964D4F2489F5DF002D51D3 /* Debug */ = {
			isa = XCBuildConfiguration;
			buildSettings = {
				ALWAYS_SEARCH_USER_PATHS = NO;
				CLANG_ANALYZER_NONNULL = YES;
				CLANG_ANALYZER_NUMBER_OBJECT_CONVERSION = YES_AGGRESSIVE;
				CLANG_CXX_LANGUAGE_STANDARD = "gnu++14";
				CLANG_CXX_LIBRARY = "libc++";
				CLANG_ENABLE_MODULES = YES;
				CLANG_ENABLE_OBJC_ARC = YES;
				CLANG_ENABLE_OBJC_WEAK = YES;
				CLANG_WARN_BLOCK_CAPTURE_AUTORELEASING = YES;
				CLANG_WARN_BOOL_CONVERSION = YES;
				CLANG_WARN_COMMA = YES;
				CLANG_WARN_CONSTANT_CONVERSION = YES;
				CLANG_WARN_DEPRECATED_OBJC_IMPLEMENTATIONS = YES;
				CLANG_WARN_DIRECT_OBJC_ISA_USAGE = YES_ERROR;
				CLANG_WARN_DOCUMENTATION_COMMENTS = YES;
				CLANG_WARN_EMPTY_BODY = YES;
				CLANG_WARN_ENUM_CONVERSION = YES;
				CLANG_WARN_INFINITE_RECURSION = YES;
				CLANG_WARN_INT_CONVERSION = YES;
				CLANG_WARN_NON_LITERAL_NULL_CONVERSION = YES;
				CLANG_WARN_OBJC_IMPLICIT_RETAIN_SELF = YES;
				CLANG_WARN_OBJC_LITERAL_CONVERSION = YES;
				CLANG_WARN_OBJC_ROOT_CLASS = YES_ERROR;
				CLANG_WARN_RANGE_LOOP_ANALYSIS = YES;
				CLANG_WARN_STRICT_PROTOTYPES = YES;
				CLANG_WARN_SUSPICIOUS_MOVE = YES;
				CLANG_WARN_UNGUARDED_AVAILABILITY = YES_AGGRESSIVE;
				CLANG_WARN_UNREACHABLE_CODE = YES;
				CLANG_WARN__DUPLICATE_METHOD_MATCH = YES;
				COPY_PHASE_STRIP = NO;
				DEBUG_INFORMATION_FORMAT = dwarf;
				ENABLE_STRICT_OBJC_MSGSEND = YES;
				ENABLE_TESTABILITY = YES;
				GCC_C_LANGUAGE_STANDARD = gnu11;
				GCC_DYNAMIC_NO_PIC = NO;
				GCC_NO_COMMON_BLOCKS = YES;
				GCC_OPTIMIZATION_LEVEL = 0;
				GCC_PREPROCESSOR_DEFINITIONS = (
					"DEBUG=1",
					"$(inherited)",
				);
				GCC_WARN_64_TO_32_BIT_CONVERSION = YES;
				GCC_WARN_ABOUT_RETURN_TYPE = YES_ERROR;
				GCC_WARN_UNDECLARED_SELECTOR = YES;
				GCC_WARN_UNINITIALIZED_AUTOS = YES_AGGRESSIVE;
				GCC_WARN_UNUSED_FUNCTION = YES;
				GCC_WARN_UNUSED_VARIABLE = YES;
				IPHONEOS_DEPLOYMENT_TARGET = 13.5;
				MTL_ENABLE_DEBUG_INFO = INCLUDE_SOURCE;
				MTL_FAST_MATH = YES;
				ONLY_ACTIVE_ARCH = YES;
				SDKROOT = iphoneos;
				SWIFT_ACTIVE_COMPILATION_CONDITIONS = DEBUG;
				SWIFT_OPTIMIZATION_LEVEL = "-Onone";
			};
			name = Debug;
		};
		82964D502489F5DF002D51D3 /* Release */ = {
			isa = XCBuildConfiguration;
			buildSettings = {
				ALWAYS_SEARCH_USER_PATHS = NO;
				CLANG_ANALYZER_NONNULL = YES;
				CLANG_ANALYZER_NUMBER_OBJECT_CONVERSION = YES_AGGRESSIVE;
				CLANG_CXX_LANGUAGE_STANDARD = "gnu++14";
				CLANG_CXX_LIBRARY = "libc++";
				CLANG_ENABLE_MODULES = YES;
				CLANG_ENABLE_OBJC_ARC = YES;
				CLANG_ENABLE_OBJC_WEAK = YES;
				CLANG_WARN_BLOCK_CAPTURE_AUTORELEASING = YES;
				CLANG_WARN_BOOL_CONVERSION = YES;
				CLANG_WARN_COMMA = YES;
				CLANG_WARN_CONSTANT_CONVERSION = YES;
				CLANG_WARN_DEPRECATED_OBJC_IMPLEMENTATIONS = YES;
				CLANG_WARN_DIRECT_OBJC_ISA_USAGE = YES_ERROR;
				CLANG_WARN_DOCUMENTATION_COMMENTS = YES;
				CLANG_WARN_EMPTY_BODY = YES;
				CLANG_WARN_ENUM_CONVERSION = YES;
				CLANG_WARN_INFINITE_RECURSION = YES;
				CLANG_WARN_INT_CONVERSION = YES;
				CLANG_WARN_NON_LITERAL_NULL_CONVERSION = YES;
				CLANG_WARN_OBJC_IMPLICIT_RETAIN_SELF = YES;
				CLANG_WARN_OBJC_LITERAL_CONVERSION = YES;
				CLANG_WARN_OBJC_ROOT_CLASS = YES_ERROR;
				CLANG_WARN_RANGE_LOOP_ANALYSIS = YES;
				CLANG_WARN_STRICT_PROTOTYPES = YES;
				CLANG_WARN_SUSPICIOUS_MOVE = YES;
				CLANG_WARN_UNGUARDED_AVAILABILITY = YES_AGGRESSIVE;
				CLANG_WARN_UNREACHABLE_CODE = YES;
				CLANG_WARN__DUPLICATE_METHOD_MATCH = YES;
				COPY_PHASE_STRIP = NO;
				DEBUG_INFORMATION_FORMAT = "dwarf-with-dsym";
				ENABLE_NS_ASSERTIONS = NO;
				ENABLE_STRICT_OBJC_MSGSEND = YES;
				GCC_C_LANGUAGE_STANDARD = gnu11;
				GCC_NO_COMMON_BLOCKS = YES;
				GCC_WARN_64_TO_32_BIT_CONVERSION = YES;
				GCC_WARN_ABOUT_RETURN_TYPE = YES_ERROR;
				GCC_WARN_UNDECLARED_SELECTOR = YES;
				GCC_WARN_UNINITIALIZED_AUTOS = YES_AGGRESSIVE;
				GCC_WARN_UNUSED_FUNCTION = YES;
				GCC_WARN_UNUSED_VARIABLE = YES;
				IPHONEOS_DEPLOYMENT_TARGET = 13.5;
				MTL_ENABLE_DEBUG_INFO = NO;
				MTL_FAST_MATH = YES;
				SDKROOT = iphoneos;
				SWIFT_COMPILATION_MODE = wholemodule;
				SWIFT_OPTIMIZATION_LEVEL = "-O";
				VALIDATE_PRODUCT = YES;
			};
			name = Release;
		};
		82964D522489F5DF002D51D3 /* Debug */ = {
			isa = XCBuildConfiguration;
			buildSettings = {
				ASSETCATALOG_COMPILER_APPICON_NAME = AppIcon;
				CODE_SIGN_STYLE = Automatic;
				DEVELOPMENT_TEAM = 498M9KRHL6;
				INFOPLIST_FILE = chats/Info.plist;
				LD_RUNPATH_SEARCH_PATHS = (
					"$(inherited)",
					"@executable_path/Frameworks",
				);
				PRODUCT_BUNDLE_IDENTIFIER = project.chats;
				PRODUCT_NAME = "$(TARGET_NAME)";
				SWIFT_VERSION = 5.0;
				TARGETED_DEVICE_FAMILY = "1,2";
			};
			name = Debug;
		};
		82964D532489F5DF002D51D3 /* Release */ = {
			isa = XCBuildConfiguration;
			buildSettings = {
				ASSETCATALOG_COMPILER_APPICON_NAME = AppIcon;
				CODE_SIGN_STYLE = Automatic;
				DEVELOPMENT_TEAM = 498M9KRHL6;
				INFOPLIST_FILE = chats/Info.plist;
				LD_RUNPATH_SEARCH_PATHS = (
					"$(inherited)",
					"@executable_path/Frameworks",
				);
				PRODUCT_BUNDLE_IDENTIFIER = project.chats;
				PRODUCT_NAME = "$(TARGET_NAME)";
				SWIFT_VERSION = 5.0;
				TARGETED_DEVICE_FAMILY = "1,2";
			};
			name = Release;
		};
		82964D552489F5DF002D51D3 /* Debug */ = {
			isa = XCBuildConfiguration;
			buildSettings = {
				ALWAYS_EMBED_SWIFT_STANDARD_LIBRARIES = YES;
				BUNDLE_LOADER = "$(TEST_HOST)";
				CODE_SIGN_STYLE = Automatic;
				DEVELOPMENT_TEAM = 498M9KRHL6;
				INFOPLIST_FILE = chatsTests/Info.plist;
				IPHONEOS_DEPLOYMENT_TARGET = 13.5;
				LD_RUNPATH_SEARCH_PATHS = (
					"$(inherited)",
					"@executable_path/Frameworks",
					"@loader_path/Frameworks",
				);
				PRODUCT_BUNDLE_IDENTIFIER = project.chatsTests;
				PRODUCT_NAME = "$(TARGET_NAME)";
				SWIFT_VERSION = 5.0;
				TARGETED_DEVICE_FAMILY = "1,2";
				TEST_HOST = "$(BUILT_PRODUCTS_DIR)/chats.app/chats";
			};
			name = Debug;
		};
		82964D562489F5DF002D51D3 /* Release */ = {
			isa = XCBuildConfiguration;
			buildSettings = {
				ALWAYS_EMBED_SWIFT_STANDARD_LIBRARIES = YES;
				BUNDLE_LOADER = "$(TEST_HOST)";
				CODE_SIGN_STYLE = Automatic;
				DEVELOPMENT_TEAM = 498M9KRHL6;
				INFOPLIST_FILE = chatsTests/Info.plist;
				IPHONEOS_DEPLOYMENT_TARGET = 13.5;
				LD_RUNPATH_SEARCH_PATHS = (
					"$(inherited)",
					"@executable_path/Frameworks",
					"@loader_path/Frameworks",
				);
				PRODUCT_BUNDLE_IDENTIFIER = project.chatsTests;
				PRODUCT_NAME = "$(TARGET_NAME)";
				SWIFT_VERSION = 5.0;
				TARGETED_DEVICE_FAMILY = "1,2";
				TEST_HOST = "$(BUILT_PRODUCTS_DIR)/chats.app/chats";
			};
			name = Release;
		};
		82964D582489F5DF002D51D3 /* Debug */ = {
			isa = XCBuildConfiguration;
			buildSettings = {
				ALWAYS_EMBED_SWIFT_STANDARD_LIBRARIES = YES;
				CODE_SIGN_STYLE = Automatic;
				DEVELOPMENT_TEAM = 498M9KRHL6;
				INFOPLIST_FILE = chatsUITests/Info.plist;
				LD_RUNPATH_SEARCH_PATHS = (
					"$(inherited)",
					"@executable_path/Frameworks",
					"@loader_path/Frameworks",
				);
				PRODUCT_BUNDLE_IDENTIFIER = project.chatsUITests;
				PRODUCT_NAME = "$(TARGET_NAME)";
				SWIFT_VERSION = 5.0;
				TARGETED_DEVICE_FAMILY = "1,2";
				TEST_TARGET_NAME = chats;
			};
			name = Debug;
		};
		82964D592489F5DF002D51D3 /* Release */ = {
			isa = XCBuildConfiguration;
			buildSettings = {
				ALWAYS_EMBED_SWIFT_STANDARD_LIBRARIES = YES;
				CODE_SIGN_STYLE = Automatic;
				DEVELOPMENT_TEAM = 498M9KRHL6;
				INFOPLIST_FILE = chatsUITests/Info.plist;
				LD_RUNPATH_SEARCH_PATHS = (
					"$(inherited)",
					"@executable_path/Frameworks",
					"@loader_path/Frameworks",
				);
				PRODUCT_BUNDLE_IDENTIFIER = project.chatsUITests;
				PRODUCT_NAME = "$(TARGET_NAME)";
				SWIFT_VERSION = 5.0;
				TARGETED_DEVICE_FAMILY = "1,2";
				TEST_TARGET_NAME = chats;
			};
			name = Release;
		};
/* End XCBuildConfiguration section */

/* Begin XCConfigurationList section */
		82964D222489F5DC002D51D3 /* Build configuration list for PBXProject "chats" */ = {
			isa = XCConfigurationList;
			buildConfigurations = (
				82964D4F2489F5DF002D51D3 /* Debug */,
				82964D502489F5DF002D51D3 /* Release */,
			);
			defaultConfigurationIsVisible = 0;
			defaultConfigurationName = Release;
		};
		82964D512489F5DF002D51D3 /* Build configuration list for PBXNativeTarget "chats" */ = {
			isa = XCConfigurationList;
			buildConfigurations = (
				82964D522489F5DF002D51D3 /* Debug */,
				82964D532489F5DF002D51D3 /* Release */,
			);
			defaultConfigurationIsVisible = 0;
			defaultConfigurationName = Release;
		};
		82964D542489F5DF002D51D3 /* Build configuration list for PBXNativeTarget "chatsTests" */ = {
			isa = XCConfigurationList;
			buildConfigurations = (
				82964D552489F5DF002D51D3 /* Debug */,
				82964D562489F5DF002D51D3 /* Release */,
			);
			defaultConfigurationIsVisible = 0;
			defaultConfigurationName = Release;
		};
		82964D572489F5DF002D51D3 /* Build configuration list for PBXNativeTarget "chatsUITests" */ = {
			isa = XCConfigurationList;
			buildConfigurations = (
				82964D582489F5DF002D51D3 /* Debug */,
				82964D592489F5DF002D51D3 /* Release */,
			);
			defaultConfigurationIsVisible = 0;
			defaultConfigurationName = Release;
		};
/* End XCConfigurationList section */
	};
	rootObject = 82964D1F2489F5DC002D51D3 /* Project object */;
}
